
Microsoft Visual Studio Solution File, Format Version 12.00
# Visual Studio Version 16
VisualStudioVersion = 16.0.31911.196
MinimumVisualStudioVersion = 10.0.40219.1
Project("{FAE04EC0-301F-11D3-BF4B-00C04F79EFBC}") = "DataFinder.PLL", "DataFinder.PLL\DataFinder.PLL.csproj", "{BFA3D04D-5C77-4EF5-A8A0-94FC362429A4}"
EndProject
Project("{FAE04EC0-301F-11D3-BF4B-00C04F79EFBC}") = "DataFinder.BLL", "DataFinder.BLL\DataFinder.BLL.csproj", "{D5D8FD86-7FEC-4365-8A8C-B1B08AD6A522}"
EndProject
Project("{FAE04EC0-301F-11D3-BF4B-00C04F79EFBC}") = "DataFinder.DAL", "DataFinder.DAL\DataFinder.DAL.csproj", "{B9C66D8C-145D-4DAC-91FB-C4426FF2557E}"
EndProject
Global
	GlobalSection(SolutionConfigurationPlatforms) = preSolution
		Debug|Any CPU = Debug|Any CPU
		Release|Any CPU = Release|Any CPU
	EndGlobalSection
	GlobalSection(ProjectConfigurationPlatforms) = postSolution
		{BFA3D04D-5C77-4EF5-A8A0-94FC362429A4}.Debug|Any CPU.ActiveCfg = Debug|Any CPU
		{BFA3D04D-5C77-4EF5-A8A0-94FC362429A4}.Debug|Any CPU.Build.0 = Debug|Any CPU
		{BFA3D04D-5C77-4EF5-A8A0-94FC362429A4}.Release|Any CPU.ActiveCfg = Release|Any CPU
		{BFA3D04D-5C77-4EF5-A8A0-94FC362429A4}.Release|Any CPU.Build.0 = Release|Any CPU
		{D5D8FD86-7FEC-4365-8A8C-B1B08AD6A522}.Debug|Any CPU.ActiveCfg = Debug|Any CPU
		{D5D8FD86-7FEC-4365-8A8C-B1B08AD6A522}.Debug|Any CPU.Build.0 = Debug|Any CPU
		{D5D8FD86-7FEC-4365-8A8C-B1B08AD6A522}.Release|Any CPU.ActiveCfg = Release|Any CPU
		{D5D8FD86-7FEC-4365-8A8C-B1B08AD6A522}.Release|Any CPU.Build.0 = Release|Any CPU
		{B9C66D8C-145D-4DAC-91FB-C4426FF2557E}.Debug|Any CPU.ActiveCfg = Debug|Any CPU
		{B9C66D8C-145D-4DAC-91FB-C4426FF2557E}.Debug|Any CPU.Build.0 = Debug|Any CPU
		{B9C66D8C-145D-4DAC-91FB-C4426FF2557E}.Release|Any CPU.ActiveCfg = Release|Any CPU
		{B9C66D8C-145D-4DAC-91FB-C4426FF2557E}.Release|Any CPU.Build.0 = Release|Any CPU
	EndGlobalSection
	GlobalSection(SolutionProperties) = preSolution
		HideSolutionNode = FALSE
	EndGlobalSection
	GlobalSection(ExtensibilityGlobals) = postSolution
		SolutionGuid = {F8F0D947-B992-4590-9AD8-A501E77053A5}
	EndGlobalSection
EndGlobal
